// !$*UTF8*$!
{
	archiveVersion = 1;
	classes = {
	};
	objectVersion = 55;
	objects = {

/* Begin PBXBuildFile section */
		1740FECC27C4E1CF00BB9D7C /* Symptom.swift in Sources */ = {isa = PBXBuildFile; fileRef = 1740FECB27C4E1CF00BB9D7C /* Symptom.swift */; };
		1740FECE27C4E1EA00BB9D7C /* UIColor+PetNote.swift in Sources */ = {isa = PBXBuildFile; fileRef = 1740FECD27C4E1EA00BB9D7C /* UIColor+PetNote.swift */; };
		1740FED027C4E1F700BB9D7C /* UIImage+PetNote.swift in Sources */ = {isa = PBXBuildFile; fileRef = 1740FECF27C4E1F700BB9D7C /* UIImage+PetNote.swift */; };
		1740FED227C4E48300BB9D7C /* SymptonSelectionViewController.swift in Sources */ = {isa = PBXBuildFile; fileRef = 1740FED127C4E48300BB9D7C /* SymptonSelectionViewController.swift */; };
		1740FED427C4F1E600BB9D7C /* SymptomListViewController.swift in Sources */ = {isa = PBXBuildFile; fileRef = 1740FED327C4F1E600BB9D7C /* SymptomListViewController.swift */; };
		1740FED627C4F35600BB9D7C /* SymptomLog.swift in Sources */ = {isa = PBXBuildFile; fileRef = 1740FED527C4F35600BB9D7C /* SymptomLog.swift */; };
		1740FEDA27C506D100BB9D7C /* SymptomConfigurable.swift in Sources */ = {isa = PBXBuildFile; fileRef = 1740FED927C506D100BB9D7C /* SymptomConfigurable.swift */; };
		1740FEDC27C50F7400BB9D7C /* InfoViewController.swift in Sources */ = {isa = PBXBuildFile; fileRef = 1740FEDB27C50F7400BB9D7C /* InfoViewController.swift */; };
		1789B78C27BF81D100159FAA /* AppDelegate.swift in Sources */ = {isa = PBXBuildFile; fileRef = 1789B78B27BF81D100159FAA /* AppDelegate.swift */; };
		1789B78E27BF81D100159FAA /* SceneDelegate.swift in Sources */ = {isa = PBXBuildFile; fileRef = 1789B78D27BF81D100159FAA /* SceneDelegate.swift */; };
		1789B79327BF81D100159FAA /* Main.storyboard in Resources */ = {isa = PBXBuildFile; fileRef = 1789B79127BF81D100159FAA /* Main.storyboard */; };
		1789B79527BF81D300159FAA /* Assets.xcassets in Resources */ = {isa = PBXBuildFile; fileRef = 1789B79427BF81D300159FAA /* Assets.xcassets */; };
		1789B79827BF81D300159FAA /* LaunchScreen.storyboard in Resources */ = {isa = PBXBuildFile; fileRef = 1789B79627BF81D300159FAA /* LaunchScreen.storyboard */; };
		1789B7A327BF81D400159FAA /* PetNoteTests.swift in Sources */ = {isa = PBXBuildFile; fileRef = 1789B7A227BF81D400159FAA /* PetNoteTests.swift */; };
		1789B7AD27BF81D400159FAA /* PetNoteUITests.swift in Sources */ = {isa = PBXBuildFile; fileRef = 1789B7AC27BF81D400159FAA /* PetNoteUITests.swift */; };
		1789B7AF27BF81D400159FAA /* PetNoteUITestsLaunchTests.swift in Sources */ = {isa = PBXBuildFile; fileRef = 1789B7AE27BF81D400159FAA /* PetNoteUITestsLaunchTests.swift */; };
		1789B7BC27C0C72700159FAA /* AddNewViewController.swift in Sources */ = {isa = PBXBuildFile; fileRef = 1789B7BB27C0C72700159FAA /* AddNewViewController.swift */; };
		1789B7BE27C0C76000159FAA /* Pet.swift in Sources */ = {isa = PBXBuildFile; fileRef = 1789B7BD27C0C76000159FAA /* Pet.swift */; };
		1789B7C027C0CC0000159FAA /* PetList.swift in Sources */ = {isa = PBXBuildFile; fileRef = 1789B7BF27C0CC0000159FAA /* PetList.swift */; };
		1789B7C227C0D77B00159FAA /* PetsViewController.swift in Sources */ = {isa = PBXBuildFile; fileRef = 1789B7C127C0D77B00159FAA /* PetsViewController.swift */; };
		1789B7C427C0D7B400159FAA /* PetCell.swift in Sources */ = {isa = PBXBuildFile; fileRef = 1789B7C327C0D7B400159FAA /* PetCell.swift */; };
/* End PBXBuildFile section */

/* Begin PBXContainerItemProxy section */
		1789B79F27BF81D400159FAA /* PBXContainerItemProxy */ = {
			isa = PBXContainerItemProxy;
			containerPortal = 1789B78027BF81D100159FAA /* Project object */;
			proxyType = 1;
			remoteGlobalIDString = 1789B78727BF81D100159FAA;
			remoteInfo = PetNote;
		};
		1789B7A927BF81D400159FAA /* PBXContainerItemProxy */ = {
			isa = PBXContainerItemProxy;
			containerPortal = 1789B78027BF81D100159FAA /* Project object */;
			proxyType = 1;
			remoteGlobalIDString = 1789B78727BF81D100159FAA;
			remoteInfo = PetNote;
		};
/* End PBXContainerItemProxy section */

/* Begin PBXFileReference section */
		1740FECB27C4E1CF00BB9D7C /* Symptom.swift */ = {isa = PBXFileReference; lastKnownFileType = sourcecode.swift; path = Symptom.swift; sourceTree = "<group>"; };
		1740FECD27C4E1EA00BB9D7C /* UIColor+PetNote.swift */ = {isa = PBXFileReference; lastKnownFileType = sourcecode.swift; path = "UIColor+PetNote.swift"; sourceTree = "<group>"; };
		1740FECF27C4E1F700BB9D7C /* UIImage+PetNote.swift */ = {isa = PBXFileReference; lastKnownFileType = sourcecode.swift; path = "UIImage+PetNote.swift"; sourceTree = "<group>"; };
		1740FED127C4E48300BB9D7C /* SymptonSelectionViewController.swift */ = {isa = PBXFileReference; lastKnownFileType = sourcecode.swift; path = SymptonSelectionViewController.swift; sourceTree = "<group>"; };
		1740FED327C4F1E600BB9D7C /* SymptomListViewController.swift */ = {isa = PBXFileReference; lastKnownFileType = sourcecode.swift; path = SymptomListViewController.swift; sourceTree = "<group>"; };
		1740FED527C4F35600BB9D7C /* SymptomLog.swift */ = {isa = PBXFileReference; lastKnownFileType = sourcecode.swift; path = SymptomLog.swift; sourceTree = "<group>"; };
		1740FED927C506D100BB9D7C /* SymptomConfigurable.swift */ = {isa = PBXFileReference; lastKnownFileType = sourcecode.swift; path = SymptomConfigurable.swift; sourceTree = "<group>"; };
		1740FEDB27C50F7400BB9D7C /* InfoViewController.swift */ = {isa = PBXFileReference; lastKnownFileType = sourcecode.swift; path = InfoViewController.swift; sourceTree = "<group>"; };
		1789B78827BF81D100159FAA /* PetNote.app */ = {isa = PBXFileReference; explicitFileType = wrapper.application; includeInIndex = 0; path = PetNote.app; sourceTree = BUILT_PRODUCTS_DIR; };
		1789B78B27BF81D100159FAA /* AppDelegate.swift */ = {isa = PBXFileReference; lastKnownFileType = sourcecode.swift; path = AppDelegate.swift; sourceTree = "<group>"; };
		1789B78D27BF81D100159FAA /* SceneDelegate.swift */ = {isa = PBXFileReference; lastKnownFileType = sourcecode.swift; path = SceneDelegate.swift; sourceTree = "<group>"; };
		1789B79227BF81D100159FAA /* Base */ = {isa = PBXFileReference; lastKnownFileType = file.storyboard; name = Base; path = Base.lproj/Main.storyboard; sourceTree = "<group>"; };
		1789B79427BF81D300159FAA /* Assets.xcassets */ = {isa = PBXFileReference; lastKnownFileType = folder.assetcatalog; path = Assets.xcassets; sourceTree = "<group>"; };
		1789B79727BF81D300159FAA /* Base */ = {isa = PBXFileReference; lastKnownFileType = file.storyboard; name = Base; path = Base.lproj/LaunchScreen.storyboard; sourceTree = "<group>"; };
		1789B79927BF81D300159FAA /* Info.plist */ = {isa = PBXFileReference; lastKnownFileType = text.plist.xml; path = Info.plist; sourceTree = "<group>"; };
		1789B79E27BF81D400159FAA /* PetNoteTests.xctest */ = {isa = PBXFileReference; explicitFileType = wrapper.cfbundle; includeInIndex = 0; path = PetNoteTests.xctest; sourceTree = BUILT_PRODUCTS_DIR; };
		1789B7A227BF81D400159FAA /* PetNoteTests.swift */ = {isa = PBXFileReference; lastKnownFileType = sourcecode.swift; path = PetNoteTests.swift; sourceTree = "<group>"; };
		1789B7A827BF81D400159FAA /* PetNoteUITests.xctest */ = {isa = PBXFileReference; explicitFileType = wrapper.cfbundle; includeInIndex = 0; path = PetNoteUITests.xctest; sourceTree = BUILT_PRODUCTS_DIR; };
		1789B7AC27BF81D400159FAA /* PetNoteUITests.swift */ = {isa = PBXFileReference; lastKnownFileType = sourcecode.swift; path = PetNoteUITests.swift; sourceTree = "<group>"; };
		1789B7AE27BF81D400159FAA /* PetNoteUITestsLaunchTests.swift */ = {isa = PBXFileReference; lastKnownFileType = sourcecode.swift; path = PetNoteUITestsLaunchTests.swift; sourceTree = "<group>"; };
		1789B7BB27C0C72700159FAA /* AddNewViewController.swift */ = {isa = PBXFileReference; lastKnownFileType = sourcecode.swift; path = AddNewViewController.swift; sourceTree = "<group>"; };
		1789B7BD27C0C76000159FAA /* Pet.swift */ = {isa = PBXFileReference; lastKnownFileType = sourcecode.swift; path = Pet.swift; sourceTree = "<group>"; };
		1789B7BF27C0CC0000159FAA /* PetList.swift */ = {isa = PBXFileReference; lastKnownFileType = sourcecode.swift; path = PetList.swift; sourceTree = "<group>"; };
		1789B7C127C0D77B00159FAA /* PetsViewController.swift */ = {isa = PBXFileReference; lastKnownFileType = sourcecode.swift; path = PetsViewController.swift; sourceTree = "<group>"; };
		1789B7C327C0D7B400159FAA /* PetCell.swift */ = {isa = PBXFileReference; lastKnownFileType = sourcecode.swift; path = PetCell.swift; sourceTree = "<group>"; };
/* End PBXFileReference section */

/* Begin PBXFrameworksBuildPhase section */
		1789B78527BF81D100159FAA /* Frameworks */ = {
			isa = PBXFrameworksBuildPhase;
			buildActionMask = 2147483647;
			files = (
			);
			runOnlyForDeploymentPostprocessing = 0;
		};
		1789B79B27BF81D400159FAA /* Frameworks */ = {
			isa = PBXFrameworksBuildPhase;
			buildActionMask = 2147483647;
			files = (
			);
			runOnlyForDeploymentPostprocessing = 0;
		};
		1789B7A527BF81D400159FAA /* Frameworks */ = {
			isa = PBXFrameworksBuildPhase;
			buildActionMask = 2147483647;
			files = (
			);
			runOnlyForDeploymentPostprocessing = 0;
		};
/* End PBXFrameworksBuildPhase section */

/* Begin PBXGroup section */
		1789B77F27BF81D100159FAA = {
			isa = PBXGroup;
			children = (
				1789B78A27BF81D100159FAA /* PetNote */,
				1789B7A127BF81D400159FAA /* PetNoteTests */,
				1789B7AB27BF81D400159FAA /* PetNoteUITests */,
				1789B78927BF81D100159FAA /* Products */,
			);
			sourceTree = "<group>";
		};
		1789B78927BF81D100159FAA /* Products */ = {
			isa = PBXGroup;
			children = (
				1789B78827BF81D100159FAA /* PetNote.app */,
				1789B79E27BF81D400159FAA /* PetNoteTests.xctest */,
				1789B7A827BF81D400159FAA /* PetNoteUITests.xctest */,
			);
			name = Products;
			sourceTree = "<group>";
		};
		1789B78A27BF81D100159FAA /* PetNote */ = {
			isa = PBXGroup;
			children = (
				1789B78B27BF81D100159FAA /* AppDelegate.swift */,
				1789B78D27BF81D100159FAA /* SceneDelegate.swift */,
				1789B79127BF81D100159FAA /* Main.storyboard */,
				1740FEDB27C50F7400BB9D7C /* InfoViewController.swift */,
				1740FED327C4F1E600BB9D7C /* SymptomListViewController.swift */,
				1740FED527C4F35600BB9D7C /* SymptomLog.swift */,
				1740FECB27C4E1CF00BB9D7C /* Symptom.swift */,
				1740FED127C4E48300BB9D7C /* SymptonSelectionViewController.swift */,
				1740FED927C506D100BB9D7C /* SymptomConfigurable.swift */,
				1740FECD27C4E1EA00BB9D7C /* UIColor+PetNote.swift */,
				1740FECF27C4E1F700BB9D7C /* UIImage+PetNote.swift */,
				1789B7C327C0D7B400159FAA /* PetCell.swift */,
				1789B7C127C0D77B00159FAA /* PetsViewController.swift */,
				1789B7BF27C0CC0000159FAA /* PetList.swift */,
				1789B7BD27C0C76000159FAA /* Pet.swift */,
				1789B7BB27C0C72700159FAA /* AddNewViewController.swift */,
				1789B79427BF81D300159FAA /* Assets.xcassets */,
				1789B79627BF81D300159FAA /* LaunchScreen.storyboard */,
				1789B79927BF81D300159FAA /* Info.plist */,
			);
			path = PetNote;
			sourceTree = "<group>";
		};
		1789B7A127BF81D400159FAA /* PetNoteTests */ = {
			isa = PBXGroup;
			children = (
				1789B7A227BF81D400159FAA /* PetNoteTests.swift */,
			);
			path = PetNoteTests;
			sourceTree = "<group>";
		};
		1789B7AB27BF81D400159FAA /* PetNoteUITests */ = {
			isa = PBXGroup;
			children = (
				1789B7AC27BF81D400159FAA /* PetNoteUITests.swift */,
				1789B7AE27BF81D400159FAA /* PetNoteUITestsLaunchTests.swift */,
			);
			path = PetNoteUITests;
			sourceTree = "<group>";
		};
/* End PBXGroup section */

/* Begin PBXNativeTarget section */
		1789B78727BF81D100159FAA /* PetNote */ = {
			isa = PBXNativeTarget;
			buildConfigurationList = 1789B7B227BF81D400159FAA /* Build configuration list for PBXNativeTarget "PetNote" */;
			buildPhases = (
				1789B78427BF81D100159FAA /* Sources */,
				1789B78527BF81D100159FAA /* Frameworks */,
				1789B78627BF81D100159FAA /* Resources */,
			);
			buildRules = (
			);
			dependencies = (
			);
			name = PetNote;
			productName = PetNote;
			productReference = 1789B78827BF81D100159FAA /* PetNote.app */;
			productType = "com.apple.product-type.application";
		};
		1789B79D27BF81D400159FAA /* PetNoteTests */ = {
			isa = PBXNativeTarget;
			buildConfigurationList = 1789B7B527BF81D400159FAA /* Build configuration list for PBXNativeTarget "PetNoteTests" */;
			buildPhases = (
				1789B79A27BF81D400159FAA /* Sources */,
				1789B79B27BF81D400159FAA /* Frameworks */,
				1789B79C27BF81D400159FAA /* Resources */,
			);
			buildRules = (
			);
			dependencies = (
				1789B7A027BF81D400159FAA /* PBXTargetDependency */,
			);
			name = PetNoteTests;
			productName = PetNoteTests;
			productReference = 1789B79E27BF81D400159FAA /* PetNoteTests.xctest */;
			productType = "com.apple.product-type.bundle.unit-test";
		};
		1789B7A727BF81D400159FAA /* PetNoteUITests */ = {
			isa = PBXNativeTarget;
			buildConfigurationList = 1789B7B827BF81D400159FAA /* Build configuration list for PBXNativeTarget "PetNoteUITests" */;
			buildPhases = (
				1789B7A427BF81D400159FAA /* Sources */,
				1789B7A527BF81D400159FAA /* Frameworks */,
				1789B7A627BF81D400159FAA /* Resources */,
			);
			buildRules = (
			);
			dependencies = (
				1789B7AA27BF81D400159FAA /* PBXTargetDependency */,
			);
			name = PetNoteUITests;
			productName = PetNoteUITests;
			productReference = 1789B7A827BF81D400159FAA /* PetNoteUITests.xctest */;
			productType = "com.apple.product-type.bundle.ui-testing";
		};
/* End PBXNativeTarget section */

/* Begin PBXProject section */
		1789B78027BF81D100159FAA /* Project object */ = {
			isa = PBXProject;
			attributes = {
				BuildIndependentTargetsInParallel = 1;
				LastSwiftUpdateCheck = 1320;
				LastUpgradeCheck = 1320;
				TargetAttributes = {
					1789B78727BF81D100159FAA = {
						CreatedOnToolsVersion = 13.2.1;
					};
					1789B79D27BF81D400159FAA = {
						CreatedOnToolsVersion = 13.2.1;
						TestTargetID = 1789B78727BF81D100159FAA;
					};
					1789B7A727BF81D400159FAA = {
						CreatedOnToolsVersion = 13.2.1;
						TestTargetID = 1789B78727BF81D100159FAA;
					};
				};
			};
			buildConfigurationList = 1789B78327BF81D100159FAA /* Build configuration list for PBXProject "PetNote" */;
			compatibilityVersion = "Xcode 13.0";
			developmentRegion = en;
			hasScannedForEncodings = 0;
			knownRegions = (
				en,
				Base,
			);
			mainGroup = 1789B77F27BF81D100159FAA;
			productRefGroup = 1789B78927BF81D100159FAA /* Products */;
			projectDirPath = "";
			projectRoot = "";
			targets = (
				1789B78727BF81D100159FAA /* PetNote */,
				1789B79D27BF81D400159FAA /* PetNoteTests */,
				1789B7A727BF81D400159FAA /* PetNoteUITests */,
			);
		};
/* End PBXProject section */

/* Begin PBXResourcesBuildPhase section */
		1789B78627BF81D100159FAA /* Resources */ = {
			isa = PBXResourcesBuildPhase;
			buildActionMask = 2147483647;
			files = (
				1789B79827BF81D300159FAA /* LaunchScreen.storyboard in Resources */,
				1789B79527BF81D300159FAA /* Assets.xcassets in Resources */,
				1789B79327BF81D100159FAA /* Main.storyboard in Resources */,
			);
			runOnlyForDeploymentPostprocessing = 0;
		};
		1789B79C27BF81D400159FAA /* Resources */ = {
			isa = PBXResourcesBuildPhase;
			buildActionMask = 2147483647;
			files = (
			);
			runOnlyForDeploymentPostprocessing = 0;
		};
		1789B7A627BF81D400159FAA /* Resources */ = {
			isa = PBXResourcesBuildPhase;
			buildActionMask = 2147483647;
			files = (
			);
			runOnlyForDeploymentPostprocessing = 0;
		};
/* End PBXResourcesBuildPhase section */

/* Begin PBXSourcesBuildPhase section */
		1789B78427BF81D100159FAA /* Sources */ = {
			isa = PBXSourcesBuildPhase;
			buildActionMask = 2147483647;
			files = (
				1740FEDA27C506D100BB9D7C /* SymptomConfigurable.swift in Sources */,
				1789B7BE27C0C76000159FAA /* Pet.swift in Sources */,
				1789B7C427C0D7B400159FAA /* PetCell.swift in Sources */,
				1789B7C027C0CC0000159FAA /* PetList.swift in Sources */,
				1740FEDC27C50F7400BB9D7C /* InfoViewController.swift in Sources */,
				1740FECE27C4E1EA00BB9D7C /* UIColor+PetNote.swift in Sources */,
				1789B78C27BF81D100159FAA /* AppDelegate.swift in Sources */,
				1740FED227C4E48300BB9D7C /* SymptonSelectionViewController.swift in Sources */,
				1740FED427C4F1E600BB9D7C /* SymptomListViewController.swift in Sources */,
				1789B78E27BF81D100159FAA /* SceneDelegate.swift in Sources */,
				1740FED027C4E1F700BB9D7C /* UIImage+PetNote.swift in Sources */,
				1789B7BC27C0C72700159FAA /* AddNewViewController.swift in Sources */,
				1740FECC27C4E1CF00BB9D7C /* Symptom.swift in Sources */,
				1740FED627C4F35600BB9D7C /* SymptomLog.swift in Sources */,
				1789B7C227C0D77B00159FAA /* PetsViewController.swift in Sources */,
			);
			runOnlyForDeploymentPostprocessing = 0;
		};
		1789B79A27BF81D400159FAA /* Sources */ = {
			isa = PBXSourcesBuildPhase;
			buildActionMask = 2147483647;
			files = (
				1789B7A327BF81D400159FAA /* PetNoteTests.swift in Sources */,
			);
			runOnlyForDeploymentPostprocessing = 0;
		};
		1789B7A427BF81D400159FAA /* Sources */ = {
			isa = PBXSourcesBuildPhase;
			buildActionMask = 2147483647;
			files = (
				1789B7AF27BF81D400159FAA /* PetNoteUITestsLaunchTests.swift in Sources */,
				1789B7AD27BF81D400159FAA /* PetNoteUITests.swift in Sources */,
			);
			runOnlyForDeploymentPostprocessing = 0;
		};
/* End PBXSourcesBuildPhase section */

/* Begin PBXTargetDependency section */
		1789B7A027BF81D400159FAA /* PBXTargetDependency */ = {
			isa = PBXTargetDependency;
			target = 1789B78727BF81D100159FAA /* PetNote */;
			targetProxy = 1789B79F27BF81D400159FAA /* PBXContainerItemProxy */;
		};
		1789B7AA27BF81D400159FAA /* PBXTargetDependency */ = {
			isa = PBXTargetDependency;
			target = 1789B78727BF81D100159FAA /* PetNote */;
			targetProxy = 1789B7A927BF81D400159FAA /* PBXContainerItemProxy */;
		};
/* End PBXTargetDependency section */

/* Begin PBXVariantGroup section */
		1789B79127BF81D100159FAA /* Main.storyboard */ = {
			isa = PBXVariantGroup;
			children = (
				1789B79227BF81D100159FAA /* Base */,
			);
			name = Main.storyboard;
			sourceTree = "<group>";
		};
		1789B79627BF81D300159FAA /* LaunchScreen.storyboard */ = {
			isa = PBXVariantGroup;
			children = (
				1789B79727BF81D300159FAA /* Base */,
			);
			name = LaunchScreen.storyboard;
			sourceTree = "<group>";
		};
/* End PBXVariantGroup section */

/* Begin XCBuildConfiguration section */
		1789B7B027BF81D400159FAA /* Debug */ = {
			isa = XCBuildConfiguration;
			buildSettings = {
				ALWAYS_SEARCH_USER_PATHS = NO;
				CLANG_ANALYZER_NONNULL = YES;
				CLANG_ANALYZER_NUMBER_OBJECT_CONVERSION = YES_AGGRESSIVE;
				CLANG_CXX_LANGUAGE_STANDARD = "gnu++17";
				CLANG_CXX_LIBRARY = "libc++";
				CLANG_ENABLE_MODULES = YES;
				CLANG_ENABLE_OBJC_ARC = YES;
				CLANG_ENABLE_OBJC_WEAK = YES;
				CLANG_WARN_BLOCK_CAPTURE_AUTORELEASING = YES;
				CLANG_WARN_BOOL_CONVERSION = YES;
				CLANG_WARN_COMMA = YES;
				CLANG_WARN_CONSTANT_CONVERSION = YES;
				CLANG_WARN_DEPRECATED_OBJC_IMPLEMENTATIONS = YES;
				CLANG_WARN_DIRECT_OBJC_ISA_USAGE = YES_ERROR;
				CLANG_WARN_DOCUMENTATION_COMMENTS = YES;
				CLANG_WARN_EMPTY_BODY = YES;
				CLANG_WARN_ENUM_CONVERSION = YES;
				CLANG_WARN_INFINITE_RECURSION = YES;
				CLANG_WARN_INT_CONVERSION = YES;
				CLANG_WARN_NON_LITERAL_NULL_CONVERSION = YES;
				CLANG_WARN_OBJC_IMPLICIT_RETAIN_SELF = YES;
				CLANG_WARN_OBJC_LITERAL_CONVERSION = YES;
				CLANG_WARN_OBJC_ROOT_CLASS = YES_ERROR;
				CLANG_WARN_QUOTED_INCLUDE_IN_FRAMEWORK_HEADER = YES;
				CLANG_WARN_RANGE_LOOP_ANALYSIS = YES;
				CLANG_WARN_STRICT_PROTOTYPES = YES;
				CLANG_WARN_SUSPICIOUS_MOVE = YES;
				CLANG_WARN_UNGUARDED_AVAILABILITY = YES_AGGRESSIVE;
				CLANG_WARN_UNREACHABLE_CODE = YES;
				CLANG_WARN__DUPLICATE_METHOD_MATCH = YES;
				COPY_PHASE_STRIP = NO;
				DEBUG_INFORMATION_FORMAT = dwarf;
				ENABLE_STRICT_OBJC_MSGSEND = YES;
				ENABLE_TESTABILITY = YES;
				GCC_C_LANGUAGE_STANDARD = gnu11;
				GCC_DYNAMIC_NO_PIC = NO;
				GCC_NO_COMMON_BLOCKS = YES;
				GCC_OPTIMIZATION_LEVEL = 0;
				GCC_PREPROCESSOR_DEFINITIONS = (
					"DEBUG=1",
					"$(inherited)",
				);
				GCC_WARN_64_TO_32_BIT_CONVERSION = YES;
				GCC_WARN_ABOUT_RETURN_TYPE = YES_ERROR;
				GCC_WARN_UNDECLARED_SELECTOR = YES;
				GCC_WARN_UNINITIALIZED_AUTOS = YES_AGGRESSIVE;
				GCC_WARN_UNUSED_FUNCTION = YES;
				GCC_WARN_UNUSED_VARIABLE = YES;
				IPHONEOS_DEPLOYMENT_TARGET = 15.2;
				MTL_ENABLE_DEBUG_INFO = INCLUDE_SOURCE;
				MTL_FAST_MATH = YES;
				ONLY_ACTIVE_ARCH = YES;
				SDKROOT = iphoneos;
				SWIFT_ACTIVE_COMPILATION_CONDITIONS = DEBUG;
				SWIFT_OPTIMIZATION_LEVEL = "-Onone";
			};
			name = Debug;
		};
		1789B7B127BF81D400159FAA /* Release */ = {
			isa = XCBuildConfiguration;
			buildSettings = {
				ALWAYS_SEARCH_USER_PATHS = NO;
				CLANG_ANALYZER_NONNULL = YES;
				CLANG_ANALYZER_NUMBER_OBJECT_CONVERSION = YES_AGGRESSIVE;
				CLANG_CXX_LANGUAGE_STANDARD = "gnu++17";
				CLANG_CXX_LIBRARY = "libc++";
				CLANG_ENABLE_MODULES = YES;
				CLANG_ENABLE_OBJC_ARC = YES;
				CLANG_ENABLE_OBJC_WEAK = YES;
				CLANG_WARN_BLOCK_CAPTURE_AUTORELEASING = YES;
				CLANG_WARN_BOOL_CONVERSION = YES;
				CLANG_WARN_COMMA = YES;
				CLANG_WARN_CONSTANT_CONVERSION = YES;
				CLANG_WARN_DEPRECATED_OBJC_IMPLEMENTATIONS = YES;
				CLANG_WARN_DIRECT_OBJC_ISA_USAGE = YES_ERROR;
				CLANG_WARN_DOCUMENTATION_COMMENTS = YES;
				CLANG_WARN_EMPTY_BODY = YES;
				CLANG_WARN_ENUM_CONVERSION = YES;
				CLANG_WARN_INFINITE_RECURSION = YES;
				CLANG_WARN_INT_CONVERSION = YES;
				CLANG_WARN_NON_LITERAL_NULL_CONVERSION = YES;
				CLANG_WARN_OBJC_IMPLICIT_RETAIN_SELF = YES;
				CLANG_WARN_OBJC_LITERAL_CONVERSION = YES;
				CLANG_WARN_OBJC_ROOT_CLASS = YES_ERROR;
				CLANG_WARN_QUOTED_INCLUDE_IN_FRAMEWORK_HEADER = YES;
				CLANG_WARN_RANGE_LOOP_ANALYSIS = YES;
				CLANG_WARN_STRICT_PROTOTYPES = YES;
				CLANG_WARN_SUSPICIOUS_MOVE = YES;
				CLANG_WARN_UNGUARDED_AVAILABILITY = YES_AGGRESSIVE;
				CLANG_WARN_UNREACHABLE_CODE = YES;
				CLANG_WARN__DUPLICATE_METHOD_MATCH = YES;
				COPY_PHASE_STRIP = NO;
				DEBUG_INFORMATION_FORMAT = "dwarf-with-dsym";
				ENABLE_NS_ASSERTIONS = NO;
				ENABLE_STRICT_OBJC_MSGSEND = YES;
				GCC_C_LANGUAGE_STANDARD = gnu11;
				GCC_NO_COMMON_BLOCKS = YES;
				GCC_WARN_64_TO_32_BIT_CONVERSION = YES;
				GCC_WARN_ABOUT_RETURN_TYPE = YES_ERROR;
				GCC_WARN_UNDECLARED_SELECTOR = YES;
				GCC_WARN_UNINITIALIZED_AUTOS = YES_AGGRESSIVE;
				GCC_WARN_UNUSED_FUNCTION = YES;
				GCC_WARN_UNUSED_VARIABLE = YES;
				IPHONEOS_DEPLOYMENT_TARGET = 15.2;
				MTL_ENABLE_DEBUG_INFO = NO;
				MTL_FAST_MATH = YES;
				SDKROOT = iphoneos;
				SWIFT_COMPILATION_MODE = wholemodule;
				SWIFT_OPTIMIZATION_LEVEL = "-O";
				VALIDATE_PRODUCT = YES;
			};
			name = Release;
		};
		1789B7B327BF81D400159FAA /* Debug */ = {
			isa = XCBuildConfiguration;
			buildSettings = {
				ASSETCATALOG_COMPILER_APPICON_NAME = AppIcon;
				ASSETCATALOG_COMPILER_GLOBAL_ACCENT_COLOR_NAME = AccentColor;
				CODE_SIGN_STYLE = Automatic;
				CURRENT_PROJECT_VERSION = 1;
				DEVELOPMENT_TEAM = T395653ZFJ;
				GENERATE_INFOPLIST_FILE = YES;
				INFOPLIST_FILE = PetNote/Info.plist;
				INFOPLIST_KEY_UIApplicationSupportsIndirectInputEvents = YES;
				INFOPLIST_KEY_UILaunchStoryboardName = LaunchScreen;
				INFOPLIST_KEY_UIMainStoryboardFile = Main;
				INFOPLIST_KEY_UISupportedInterfaceOrientations_iPad = "UIInterfaceOrientationPortrait UIInterfaceOrientationPortraitUpsideDown UIInterfaceOrientationLandscapeLeft UIInterfaceOrientationLandscapeRight";
				INFOPLIST_KEY_UISupportedInterfaceOrientations_iPhone = "UIInterfaceOrientationPortrait UIInterfaceOrientationLandscapeLeft UIInterfaceOrientationLandscapeRight";
				LD_RUNPATH_SEARCH_PATHS = (
					"$(inherited)",
					"@executable_path/Frameworks",
				);
				MARKETING_VERSION = 1.0;
				PRODUCT_BUNDLE_IDENTIFIER = jihyeon.yoon.PetNote;
				PRODUCT_NAME = "$(TARGET_NAME)";
				SWIFT_EMIT_LOC_STRINGS = YES;
				SWIFT_VERSION = 5.0;
				TARGETED_DEVICE_FAMILY = "1,2";
			};
			name = Debug;
		};
		1789B7B427BF81D400159FAA /* Release */ = {
			isa = XCBuildConfiguration;
			buildSettings = {
				ASSETCATALOG_COMPILER_APPICON_NAME = AppIcon;
				ASSETCATALOG_COMPILER_GLOBAL_ACCENT_COLOR_NAME = AccentColor;
				CODE_SIGN_STYLE = Automatic;
				CURRENT_PROJECT_VERSION = 1;
				DEVELOPMENT_TEAM = T395653ZFJ;
				GENERATE_INFOPLIST_FILE = YES;
				INFOPLIST_FILE = PetNote/Info.plist;
				INFOPLIST_KEY_UIApplicationSupportsIndirectInputEvents = YES;
				INFOPLIST_KEY_UILaunchStoryboardName = LaunchScreen;
				INFOPLIST_KEY_UIMainStoryboardFile = Main;
				INFOPLIST_KEY_UISupportedInterfaceOrientations_iPad = "UIInterfaceOrientationPortrait UIInterfaceOrientationPortraitUpsideDown UIInterfaceOrientationLandscapeLeft UIInterfaceOrientationLandscapeRight";
				INFOPLIST_KEY_UISupportedInterfaceOrientations_iPhone = "UIInterfaceOrientationPortrait UIInterfaceOrientationLandscapeLeft UIInterfaceOrientationLandscapeRight";
				LD_RUNPATH_SEARCH_PATHS = (
					"$(inherited)",
					"@executable_path/Frameworks",
				);
				MARKETING_VERSION = 1.0;
				PRODUCT_BUNDLE_IDENTIFIER = jihyeon.yoon.PetNote;
				PRODUCT_NAME = "$(TARGET_NAME)";
				SWIFT_EMIT_LOC_STRINGS = YES;
				SWIFT_VERSION = 5.0;
				TARGETED_DEVICE_FAMILY = "1,2";
			};
			name = Release;
		};
		1789B7B627BF81D400159FAA /* Debug */ = {
			isa = XCBuildConfiguration;
			buildSettings = {
				ALWAYS_EMBED_SWIFT_STANDARD_LIBRARIES = YES;
				BUNDLE_LOADER = "$(TEST_HOST)";
				CODE_SIGN_STYLE = Automatic;
				CURRENT_PROJECT_VERSION = 1;
				DEVELOPMENT_TEAM = T395653ZFJ;
				GENERATE_INFOPLIST_FILE = YES;
				IPHONEOS_DEPLOYMENT_TARGET = 15.2;
				MARKETING_VERSION = 1.0;
				PRODUCT_BUNDLE_IDENTIFIER = jihyeon.yoon.PetNoteTests;
				PRODUCT_NAME = "$(TARGET_NAME)";
				SWIFT_EMIT_LOC_STRINGS = NO;
				SWIFT_VERSION = 5.0;
				TARGETED_DEVICE_FAMILY = "1,2";
				TEST_HOST = "$(BUILT_PRODUCTS_DIR)/PetNote.app/PetNote";
			};
			name = Debug;
		};
		1789B7B727BF81D400159FAA /* Release */ = {
			isa = XCBuildConfiguration;
			buildSettings = {
				ALWAYS_EMBED_SWIFT_STANDARD_LIBRARIES = YES;
				BUNDLE_LOADER = "$(TEST_HOST)";
				CODE_SIGN_STYLE = Automatic;
				CURRENT_PROJECT_VERSION = 1;
				DEVELOPMENT_TEAM = T395653ZFJ;
				GENERATE_INFOPLIST_FILE = YES;
				IPHONEOS_DEPLOYMENT_TARGET = 15.2;
				MARKETING_VERSION = 1.0;
				PRODUCT_BUNDLE_IDENTIFIER = jihyeon.yoon.PetNoteTests;
				PRODUCT_NAME = "$(TARGET_NAME)";
				SWIFT_EMIT_LOC_STRINGS = NO;
				SWIFT_VERSION = 5.0;
				TARGETED_DEVICE_FAMILY = "1,2";
				TEST_HOST = "$(BUILT_PRODUCTS_DIR)/PetNote.app/PetNote";
			};
			name = Release;
		};
		1789B7B927BF81D400159FAA /* Debug */ = {
			isa = XCBuildConfiguration;
			buildSettings = {
				ALWAYS_EMBED_SWIFT_STANDARD_LIBRARIES = YES;
				CODE_SIGN_STYLE = Automatic;
				CURRENT_PROJECT_VERSION = 1;
				DEVELOPMENT_TEAM = T395653ZFJ;
				GENERATE_INFOPLIST_FILE = YES;
				MARKETING_VERSION = 1.0;
				PRODUCT_BUNDLE_IDENTIFIER = jihyeon.yoon.PetNoteUITests;
				PRODUCT_NAME = "$(TARGET_NAME)";
				SWIFT_EMIT_LOC_STRINGS = NO;
				SWIFT_VERSION = 5.0;
				TARGETED_DEVICE_FAMILY = "1,2";
				TEST_TARGET_NAME = PetNote;
			};
			name = Debug;
		};
		1789B7BA27BF81D400159FAA /* Release */ = {
			isa = XCBuildConfiguration;
			buildSettings = {
				ALWAYS_EMBED_SWIFT_STANDARD_LIBRARIES = YES;
				CODE_SIGN_STYLE = Automatic;
				CURRENT_PROJECT_VERSION = 1;
				DEVELOPMENT_TEAM = T395653ZFJ;
				GENERATE_INFOPLIST_FILE = YES;
				MARKETING_VERSION = 1.0;
				PRODUCT_BUNDLE_IDENTIFIER = jihyeon.yoon.PetNoteUITests;
				PRODUCT_NAME = "$(TARGET_NAME)";
				SWIFT_EMIT_LOC_STRINGS = NO;
				SWIFT_VERSION = 5.0;
				TARGETED_DEVICE_FAMILY = "1,2";
				TEST_TARGET_NAME = PetNote;
			};
			name = Release;
		};
/* End XCBuildConfiguration section */

/* Begin XCConfigurationList section */
		1789B78327BF81D100159FAA /* Build configuration list for PBXProject "PetNote" */ = {
			isa = XCConfigurationList;
			buildConfigurations = (
				1789B7B027BF81D400159FAA /* Debug */,
				1789B7B127BF81D400159FAA /* Release */,
			);
			defaultConfigurationIsVisible = 0;
			defaultConfigurationName = Release;
		};
		1789B7B227BF81D400159FAA /* Build configuration list for PBXNativeTarget "PetNote" */ = {
			isa = XCConfigurationList;
			buildConfigurations = (
				1789B7B327BF81D400159FAA /* Debug */,
				1789B7B427BF81D400159FAA /* Release */,
			);
			defaultConfigurationIsVisible = 0;
			defaultConfigurationName = Release;
		};
		1789B7B527BF81D400159FAA /* Build configuration list for PBXNativeTarget "PetNoteTests" */ = {
			isa = XCConfigurationList;
			buildConfigurations = (
				1789B7B627BF81D400159FAA /* Debug */,
				1789B7B727BF81D400159FAA /* Release */,
			);
			defaultConfigurationIsVisible = 0;
			defaultConfigurationName = Release;
		};
		1789B7B827BF81D400159FAA /* Build configuration list for PBXNativeTarget "PetNoteUITests" */ = {
			isa = XCConfigurationList;
			buildConfigurations = (
				1789B7B927BF81D400159FAA /* Debug */,
				1789B7BA27BF81D400159FAA /* Release */,
			);
			defaultConfigurationIsVisible = 0;
			defaultConfigurationName = Release;
		};
/* End XCConfigurationList section */
	};
	rootObject = 1789B78027BF81D100159FAA /* Project object */;
}
